dependencies:
- name: postgresql
  repository: https://charts.bitnami.com/bitnami
  version: 8.6.4
- name: ingress-nginx
  repository: https://kubernetes.github.io/ingress-nginx
  version: 3.29.0
digest: sha256:fd675835b89387c4ee9b214f5addcf7cc7e9836bb71ec36a3e4c1771bc7925c0
generated: "2021-04-19T13:17:35.734700756+02:00"
