dependencies:
- name: postgresql
  repository: https://raw.githubusercontent.com/bitnami/charts/pre-2022/bitnami
  version: 8.6.4
- name: ingress-nginx
  repository: https://kubernetes.github.io/ingress-nginx
  version: 3.29.0
digest: sha256:85ce0aad353a480fbaa30eaae956be2e7dbcef964e104e85acb84c892646caca
generated: "2022-06-13T18:15:41.559373933+02:00"
