dependencies:
- name: postgresql
  repository: https://raw.githubusercontent.com/bitnami/charts/archive-full-index/bitnami
  version: 10.15.0
- name: ingress-nginx
  repository: https://kubernetes.github.io/ingress-nginx
  version: 4.9.1
digest: sha256:6ef612977ba453f38945e07412a573c7c5c4dd2a010985940e420aada72bf8d4
generated: "2024-05-06T12:39:36.517119+02:00"
