dependencies:
- name: postgresql
  repository: https://raw.githubusercontent.com/bitnami/charts/archive-full-index/bitnami
  version: 16.0.6
- name: ingress-nginx
  repository: https://kubernetes.github.io/ingress-nginx
  version: 4.11.3
digest: sha256:2bc333829330f8f6b28943adc76484f347c0868e10be1b43e9717216a999c42f
generated: "2024-10-30T00:19:43.408741+01:00"
