dependencies:
- name: postgresql
  repository: https://raw.githubusercontent.com/bitnami/charts/pre-2022/bitnami
  version: 10.15.0
- name: ingress-nginx
  repository: https://kubernetes.github.io/ingress-nginx
  version: 4.9.1
digest: sha256:c0249e7c011b55419b325607256f224d86caba7fdd149da44cf1965c93ac26aa
generated: "2024-02-13T11:35:08.339361+01:00"
