dependencies:
- name: postgresql
  repository: https://kubernetes-charts.storage.googleapis.com/
  version: 8.2.0
- name: mysql
  repository: https://kubernetes-charts.storage.googleapis.com/
  version: 1.6.2
digest: sha256:c25595db63919878f7d6982ca2647a21759b35c97a3be8e72614b33ef1a61402
generated: "2020-02-25T09:09:25.103933-05:00"
