dependencies:
- name: postgresql
  repository: https://kubernetes-charts.storage.googleapis.com/
  version: 8.2.0
- name: mysql
  repository: https://kubernetes-charts.storage.googleapis.com/
  version: 1.6.2
digest: sha256:e7e69afafde0a5262844948362a4ff28313df2c240a757d5cedce3837e6f8344
generated: "2020-03-03T15:03:58.3504062Z"
