dependencies:
- name: postgresql
  repository: https://kubernetes-charts.storage.googleapis.com/
  version: 8.1.3
- name: mysql
  repository: https://kubernetes-charts.storage.googleapis.com/
  version: 1.6.2
digest: sha256:b913b5c86ac6569600710e7f5b106b6957758217314e55246cc23bc44a31c7ba
generated: "2020-01-14T11:22:40.23866-05:00"
