dependencies:
- name: postgresql
  repository: https://raw.githubusercontent.com/bitnami/charts/archive-full-index/bitnami
  version: 10.15.0
- name: ingress-nginx
  repository: https://kubernetes.github.io/ingress-nginx
  version: 4.12.2
digest: sha256:4467cbf89d7a9852ecd7a56a375225bfa694783bafa9736c4d7a96cbfb75e960
generated: "2025-06-04T15:22:02.324218+02:00"
