dependencies:
- name: postgresql
  repository: https://raw.githubusercontent.com/bitnami/charts/archive-full-index/bitnami
  version: 10.15.0
- name: ingress-nginx
  repository: https://kubernetes.github.io/ingress-nginx
  version: 4.11.3
digest: sha256:66128c94376c72435f139d603ba24e208528d50bf0df0421abf1063a4cdb95c4
generated: "2024-12-06T16:17:49.758961+01:00"
