dependencies:
- name: postgresql
  repository: oci://registry-1.docker.io/bitnamicharts
  version: 15.5.36
- name: ingress-nginx
  repository: https://kubernetes.github.io/ingress-nginx
  version: 4.0.13
digest: sha256:268cd64bc1d4dbc8ce2eca25ead1eea4e4b09a06d4944e2913eab52bc1d288a8
generated: "2024-09-27T14:27:03.3839277+07:00"
